
Microsoft Visual Studio Solution File, Format Version 12.00
# Visual Studio 14
VisualStudioVersion = 14.0.25123.0
MinimumVisualStudioVersion = 10.0.40219.1
Project("{FAE04EC0-301F-11D3-BF4B-00C04F79EFBC}") = "Crawler", "Crawler\Crawler.csproj", "{F4615113-9D29-49AB-9526-4E22F8678438}"
EndProject
Project("{FAE04EC0-301F-11D3-BF4B-00C04F79EFBC}") = "Crawler.BL", "Crawler.BL\Crawler.BL.csproj", "{A7C5D28B-29A0-4D90-B14D-6CC28274716A}"
EndProject
Project("{FAE04EC0-301F-11D3-BF4B-00C04F79EFBC}") = "Crawler.Core", "Crawler.Core\Crawler.Core.csproj", "{B50AFC09-939A-466A-A7F5-BCEEADE67DDC}"
EndProject
Global
	GlobalSection(SolutionConfigurationPlatforms) = preSolution
		Debug|Any CPU = Debug|Any CPU
		Release|Any CPU = Release|Any CPU
	EndGlobalSection
	GlobalSection(ProjectConfigurationPlatforms) = postSolution
		{F4615113-9D29-49AB-9526-4E22F8678438}.Debug|Any CPU.ActiveCfg = Debug|Any CPU
		{F4615113-9D29-49AB-9526-4E22F8678438}.Debug|Any CPU.Build.0 = Debug|Any CPU
		{F4615113-9D29-49AB-9526-4E22F8678438}.Release|Any CPU.ActiveCfg = Release|Any CPU
		{F4615113-9D29-49AB-9526-4E22F8678438}.Release|Any CPU.Build.0 = Release|Any CPU
		{A7C5D28B-29A0-4D90-B14D-6CC28274716A}.Debug|Any CPU.ActiveCfg = Debug|Any CPU
		{A7C5D28B-29A0-4D90-B14D-6CC28274716A}.Debug|Any CPU.Build.0 = Debug|Any CPU
		{A7C5D28B-29A0-4D90-B14D-6CC28274716A}.Release|Any CPU.ActiveCfg = Release|Any CPU
		{A7C5D28B-29A0-4D90-B14D-6CC28274716A}.Release|Any CPU.Build.0 = Release|Any CPU
		{B50AFC09-939A-466A-A7F5-BCEEADE67DDC}.Debug|Any CPU.ActiveCfg = Debug|Any CPU
		{B50AFC09-939A-466A-A7F5-BCEEADE67DDC}.Debug|Any CPU.Build.0 = Debug|Any CPU
		{B50AFC09-939A-466A-A7F5-BCEEADE67DDC}.Release|Any CPU.ActiveCfg = Release|Any CPU
		{B50AFC09-939A-466A-A7F5-BCEEADE67DDC}.Release|Any CPU.Build.0 = Release|Any CPU
	EndGlobalSection
	GlobalSection(SolutionProperties) = preSolution
		HideSolutionNode = FALSE
	EndGlobalSection
EndGlobal
